
Microsoft Visual Studio Solution File, Format Version 12.00
# Visual Studio Version 17
VisualStudioVersion = 17.0.31903.59
MinimumVisualStudioVersion = 10.0.40219.1
Project("{2150E333-8FDC-42A3-9474-1A3956D46DE8}") = "src", "src", "{32404B3A-CAAE-48AB-B44B-551FEA9B9840}"
EndProject
Project("{2150E333-8FDC-42A3-9474-1A3956D46DE8}") = "wpf", "wpf", "{51B7A64E-5B7C-48B6-94A6-2B1172FBF8A4}"
EndProject
Project("{2150E333-8FDC-42A3-9474-1A3956D46DE8}") = "api", "api", "{B2AE9E9F-CD0A-46C3-801A-C20281702D84}"
EndProject
Project("{2150E333-8FDC-42A3-9474-1A3956D46DE8}") = "blazor", "blazor", "{6E342F65-ED47-430B-86A7-B754BC0D1943}"
EndProject
Project("{FAE04EC0-301F-11D3-BF4B-00C04F79EFBC}") = "TechLap.API", "src\api\TechLap.API\TechLap.API.csproj", "{367B1971-1751-4067-A1B6-15CC5E05F683}"
EndProject
Project("{FAE04EC0-301F-11D3-BF4B-00C04F79EFBC}") = "TechLap.Blazor", "src\blazor\TechLap.Blazor\TechLap.Blazor.csproj", "{069146FD-DF65-42AE-AEF9-4F561A4E0C66}"
EndProject
Project("{FAE04EC0-301F-11D3-BF4B-00C04F79EFBC}") = "TechLap.WPF", "src\wpf\TechLap.WPF\TechLap.WPF.csproj", "{4C77083D-C525-4772-9F7C-84A26FCAFF3B}"
EndProject
Global
	GlobalSection(SolutionConfigurationPlatforms) = preSolution
		Debug|Any CPU = Debug|Any CPU
		Release|Any CPU = Release|Any CPU
	EndGlobalSection
	GlobalSection(ProjectConfigurationPlatforms) = postSolution
		{367B1971-1751-4067-A1B6-15CC5E05F683}.Debug|Any CPU.ActiveCfg = Debug|Any CPU
		{367B1971-1751-4067-A1B6-15CC5E05F683}.Debug|Any CPU.Build.0 = Debug|Any CPU
		{367B1971-1751-4067-A1B6-15CC5E05F683}.Release|Any CPU.ActiveCfg = Release|Any CPU
		{367B1971-1751-4067-A1B6-15CC5E05F683}.Release|Any CPU.Build.0 = Release|Any CPU
		{069146FD-DF65-42AE-AEF9-4F561A4E0C66}.Debug|Any CPU.ActiveCfg = Debug|Any CPU
		{069146FD-DF65-42AE-AEF9-4F561A4E0C66}.Debug|Any CPU.Build.0 = Debug|Any CPU
		{069146FD-DF65-42AE-AEF9-4F561A4E0C66}.Release|Any CPU.ActiveCfg = Release|Any CPU
		{069146FD-DF65-42AE-AEF9-4F561A4E0C66}.Release|Any CPU.Build.0 = Release|Any CPU
		{4C77083D-C525-4772-9F7C-84A26FCAFF3B}.Debug|Any CPU.ActiveCfg = Debug|Any CPU
		{4C77083D-C525-4772-9F7C-84A26FCAFF3B}.Debug|Any CPU.Build.0 = Debug|Any CPU
		{4C77083D-C525-4772-9F7C-84A26FCAFF3B}.Release|Any CPU.ActiveCfg = Release|Any CPU
		{4C77083D-C525-4772-9F7C-84A26FCAFF3B}.Release|Any CPU.Build.0 = Release|Any CPU
	EndGlobalSection
	GlobalSection(SolutionProperties) = preSolution
		HideSolutionNode = FALSE
	EndGlobalSection
	GlobalSection(NestedProjects) = preSolution
		{51B7A64E-5B7C-48B6-94A6-2B1172FBF8A4} = {32404B3A-CAAE-48AB-B44B-551FEA9B9840}
		{B2AE9E9F-CD0A-46C3-801A-C20281702D84} = {32404B3A-CAAE-48AB-B44B-551FEA9B9840}
		{6E342F65-ED47-430B-86A7-B754BC0D1943} = {32404B3A-CAAE-48AB-B44B-551FEA9B9840}
		{367B1971-1751-4067-A1B6-15CC5E05F683} = {B2AE9E9F-CD0A-46C3-801A-C20281702D84}
		{069146FD-DF65-42AE-AEF9-4F561A4E0C66} = {6E342F65-ED47-430B-86A7-B754BC0D1943}
		{4C77083D-C525-4772-9F7C-84A26FCAFF3B} = {51B7A64E-5B7C-48B6-94A6-2B1172FBF8A4}
	EndGlobalSection
	GlobalSection(ExtensibilityGlobals) = postSolution
		SolutionGuid = {E097D991-DCEA-4B40-B466-65FF3C4F8A8A}
	EndGlobalSection
EndGlobal
