
Microsoft Visual Studio Solution File, Format Version 12.00
# Visual Studio Version 17
VisualStudioVersion = 17.0.31903.59
MinimumVisualStudioVersion = 10.0.40219.1
Project("{2150E333-8FDC-42A3-9474-1A3956D46DE8}") = "src", "src", "{32404B3A-CAAE-48AB-B44B-551FEA9B9840}"
EndProject
Project("{2150E333-8FDC-42A3-9474-1A3956D46DE8}") = "wpf", "wpf", "{51B7A64E-5B7C-48B6-94A6-2B1172FBF8A4}"
EndProject
Project("{2150E333-8FDC-42A3-9474-1A3956D46DE8}") = "api", "api", "{B2AE9E9F-CD0A-46C3-801A-C20281702D84}"
EndProject
Project("{9A19103F-16F7-4668-BE54-9A1E7A4F7556}") = "TechLap.API", "src\api\TechLap.API\TechLap.API.csproj", "{367B1971-1751-4067-A1B6-15CC5E05F683}"
EndProject
Project("{9A19103F-16F7-4668-BE54-9A1E7A4F7556}") = "TechLap.WPF", "src\wpf\TechLap.WPF\TechLap.WPF.csproj", "{4C77083D-C525-4772-9F7C-84A26FCAFF3B}"
EndProject
Project("{2150E333-8FDC-42A3-9474-1A3956D46DE8}") = "razor", "razor", "{5B858883-0E98-4F4C-B8CD-F9A1C0E63CB3}"
EndProject
Project("{9A19103F-16F7-4668-BE54-9A1E7A4F7556}") = "TechLap.Razor", "src\razor\TechLap.Razor\TechLap.Razor.csproj", "{23E2DC50-A634-4F3E-9A1C-83CDD2691496}"
EndProject
Project("{9A19103F-16F7-4668-BE54-9A1E7A4F7556}") = "TechLap.WPFAdmin", "src\wpf\TechLap.WPFAdmin\TechLap.WPFAdmin.csproj", "{4ACF8472-2284-4764-8D21-5C07EBFF6A59}"
EndProject
Global
	GlobalSection(SolutionConfigurationPlatforms) = preSolution
		Debug|Any CPU = Debug|Any CPU
		Release|Any CPU = Release|Any CPU
	EndGlobalSection
	GlobalSection(ProjectConfigurationPlatforms) = postSolution
		{367B1971-1751-4067-A1B6-15CC5E05F683}.Debug|Any CPU.ActiveCfg = Debug|Any CPU
		{367B1971-1751-4067-A1B6-15CC5E05F683}.Debug|Any CPU.Build.0 = Debug|Any CPU
		{367B1971-1751-4067-A1B6-15CC5E05F683}.Release|Any CPU.ActiveCfg = Release|Any CPU
		{367B1971-1751-4067-A1B6-15CC5E05F683}.Release|Any CPU.Build.0 = Release|Any CPU
		{4C77083D-C525-4772-9F7C-84A26FCAFF3B}.Debug|Any CPU.ActiveCfg = Debug|Any CPU
		{4C77083D-C525-4772-9F7C-84A26FCAFF3B}.Debug|Any CPU.Build.0 = Debug|Any CPU
		{4C77083D-C525-4772-9F7C-84A26FCAFF3B}.Release|Any CPU.ActiveCfg = Release|Any CPU
		{4C77083D-C525-4772-9F7C-84A26FCAFF3B}.Release|Any CPU.Build.0 = Release|Any CPU
		{23E2DC50-A634-4F3E-9A1C-83CDD2691496}.Debug|Any CPU.ActiveCfg = Debug|Any CPU
		{23E2DC50-A634-4F3E-9A1C-83CDD2691496}.Debug|Any CPU.Build.0 = Debug|Any CPU
		{23E2DC50-A634-4F3E-9A1C-83CDD2691496}.Release|Any CPU.ActiveCfg = Release|Any CPU
		{23E2DC50-A634-4F3E-9A1C-83CDD2691496}.Release|Any CPU.Build.0 = Release|Any CPU
		{4ACF8472-2284-4764-8D21-5C07EBFF6A59}.Debug|Any CPU.ActiveCfg = Debug|Any CPU
		{4ACF8472-2284-4764-8D21-5C07EBFF6A59}.Debug|Any CPU.Build.0 = Debug|Any CPU
		{4ACF8472-2284-4764-8D21-5C07EBFF6A59}.Release|Any CPU.ActiveCfg = Release|Any CPU
		{4ACF8472-2284-4764-8D21-5C07EBFF6A59}.Release|Any CPU.Build.0 = Release|Any CPU
	EndGlobalSection
	GlobalSection(SolutionProperties) = preSolution
		HideSolutionNode = FALSE
	EndGlobalSection
	GlobalSection(NestedProjects) = preSolution
		{51B7A64E-5B7C-48B6-94A6-2B1172FBF8A4} = {32404B3A-CAAE-48AB-B44B-551FEA9B9840}
		{B2AE9E9F-CD0A-46C3-801A-C20281702D84} = {32404B3A-CAAE-48AB-B44B-551FEA9B9840}
		{367B1971-1751-4067-A1B6-15CC5E05F683} = {B2AE9E9F-CD0A-46C3-801A-C20281702D84}
		{4C77083D-C525-4772-9F7C-84A26FCAFF3B} = {51B7A64E-5B7C-48B6-94A6-2B1172FBF8A4}
		{5B858883-0E98-4F4C-B8CD-F9A1C0E63CB3} = {32404B3A-CAAE-48AB-B44B-551FEA9B9840}
		{23E2DC50-A634-4F3E-9A1C-83CDD2691496} = {5B858883-0E98-4F4C-B8CD-F9A1C0E63CB3}
		{4ACF8472-2284-4764-8D21-5C07EBFF6A59} = {51B7A64E-5B7C-48B6-94A6-2B1172FBF8A4}
	EndGlobalSection
	GlobalSection(ExtensibilityGlobals) = postSolution
		SolutionGuid = {E097D991-DCEA-4B40-B466-65FF3C4F8A8A}
	EndGlobalSection
EndGlobal
